// !$*UTF8*$!
{
	archiveVersion = 1;
	classes = {
	};
	objectVersion = 56;
	objects = {

/* Begin PBXBuildFile section */
		92390B0C40804014A2013F97 /* XinjiangTripApp.swift in Sources */ = {isa = PBXBuildFile; fileRef = 92390B0C40804014A2013F97F /* XinjiangTripApp.swift */; };
		37AFF1BABF67443B9CC6DA20 /* index.html in Resources */ = {isa = PBXBuildFile; fileRef = 37AFF1BABF67443B9CC6DA20F /* index.html */; };
/* End PBXBuildFile section */

/* Begin PBXFileReference section */
		F40AF1D55B16436DB06D09C8 /* XinjiangTrip.app */ = {isa = PBXFileReference; explicitFileType = wrapper.application; includeInIndex = 0; path = XinjiangTrip.app; sourceTree = BUILT_PRODUCTS_DIR; };
		92390B0C40804014A2013F97F /* XinjiangTripApp.swift */ = {isa = PBXFileReference; lastKnownFileType = sourcecode.swift; path = XinjiangTripApp.swift; sourceTree = "<group>"; };
		37AFF1BABF67443B9CC6DA20F /* index.html */ = {isa = PBXFileReference; lastKnownFileType = text.html; path = index.html; sourceTree = "<group>"; };
		3C3FDF151A2143DCA8684E52F /* Info.plist */ = {isa = PBXFileReference; lastKnownFileType = text.plist.xml; path = Info.plist; sourceTree = "<group>"; };
/* End PBXFileReference section */

/* Begin PBXFrameworksBuildPhase section */
		4FFAE6CC6B4F441CB3FB1AA3 /* Frameworks */ = {
			isa = PBXFrameworksBuildPhase;
			buildActionMask = 2147483647;
			files = (
			);
			runOnlyForDeploymentPostprocessing = 0;
		};
/* End PBXFrameworksBuildPhase section */

/* Begin PBXGroup section */
		596F999D93214C1BA4317525 = {
			isa = PBXGroup;
			children = (
				417336FF83B84168B2218E18 /* XinjiangTrip */,
				F40AF1D55B16436DB06D09C8 /* Products */,
			);
			sourceTree = "<group>";
		};
		417336FF83B84168B2218E18 /* XinjiangTrip */ = {
			isa = PBXGroup;
			children = (
				92390B0C40804014A2013F97F /* XinjiangTripApp.swift */,
				37AFF1BABF67443B9CC6DA20F /* index.html */,
				3C3FDF151A2143DCA8684E52F /* Info.plist */,
			);
			path = XinjiangTrip;
			sourceTree = "<group>";
		};
/* End PBXGroup section */

/* Begin PBXNativeTarget section */
		AA8AC71F3AA9425683B75633 /* XinjiangTrip */ = {
			isa = PBXNativeTarget;
			buildConfigurationList = C6ECFFADA8C546AA843BDC28 /* Build configuration list for PBXNativeTarget "XinjiangTrip" */;
			buildPhases = (
				F50E61CD27144A3EA14E1BAC /* Sources */,
				4FFAE6CC6B4F441CB3FB1AA3 /* Frameworks */,
				C49E8E6EBE0E4346B8F1A7A0 /* Resources */,
			);
			buildRules = (
			);
			dependencies = (
			);
			name = XinjiangTrip;
			productName = XinjiangTrip;
			productReference = F40AF1D55B16436DB06D09C8 /* XinjiangTrip.app */;
			productType = "com.apple.product-type.application";
		};
/* End PBXNativeTarget section */

/* Begin PBXProject section */
		66C3D5785E4444FBA825DF47 /* Project object */ = {
			isa = PBXProject;
			attributes = {
				BuildIndependentTargetsInParallel = 1;
				LastSwiftUpdateCheck = 1500;
				LastUpgradeCheck = 1500;
				TargetAttributes = {
					AA8AC71F3AA9425683B75633 = {
						CreatedOnToolsVersion = 15.0;
					};
				};
			};
			buildConfigurationList = 1EDEA0A1349B43569D3A1589 /* Build configuration list for PBXProject "XinjiangTrip" */;
			compatibilityVersion = "Xcode 14.0";
			developmentRegion = zh_CN;
			hasScannedForEncodings = 0;
			knownRegions = (
				zh_CN,
				Base,
			);
			mainGroup = 596F999D93214C1BA4317525;
			productRefGroup = 596F999D93214C1BA4317525;
			projectDirPath = "";
			projectRoot = "";
			targets = (
				AA8AC71F3AA9425683B75633 /* XinjiangTrip */,
			);
		};
/* End PBXProject section */

/* Begin PBXResourcesBuildPhase section */
		C49E8E6EBE0E4346B8F1A7A0 /* Resources */ = {
			isa = PBXResourcesBuildPhase;
			buildActionMask = 2147483647;
			files = (
				37AFF1BABF67443B9CC6DA20 /* index.html in Resources */,
			);
			runOnlyForDeploymentPostprocessing = 0;
		};
/* End PBXResourcesBuildPhase section */

/* Begin PBXSourcesBuildPhase section */
		F50E61CD27144A3EA14E1BAC /* Sources */ = {
			isa = PBXSourcesBuildPhase;
			buildActionMask = 2147483647;
			files = (
				92390B0C40804014A2013F97 /* XinjiangTripApp.swift in Sources */,
			);
			runOnlyForDeploymentPostprocessing = 0;
		};
/* End PBXSourcesBuildPhase section */

/* Begin XCBuildConfiguration section */
		D2FFC19884254362B680B883 /* Debug */ = {
			isa = XCBuildConfiguration;
			buildSettings = {
				ALWAYS_SEARCH_USER_PATHS = NO;
				CLANG_ANALYZER_NONNULL = YES;
				CLANG_ENABLE_MODULES = YES;
				CLANG_ENABLE_OBJC_ARC = YES;
				COPY_PHASE_STRIP = NO;
				DEBUG_INFORMATION_FORMAT = dwarf;
				ENABLE_STRICT_OBJC_MSGSEND = YES;
				ENABLE_TESTABILITY = YES;
				GCC_DYNAMIC_NO_PIC = NO;
				GCC_OPTIMIZATION_LEVEL = 0;
				GCC_PREPROCESSOR_DEFINITIONS = (
					"DEBUG=1",
					"$(inherited)",
				);
				IPHONEOS_DEPLOYMENT_TARGET = 16.0;
				MTL_ENABLE_DEBUG_INFO = INCLUDE_SOURCE;
				ONLY_ACTIVE_ARCH = YES;
				SDKROOT = iphoneos;
				SWIFT_ACTIVE_COMPILATION_CONDITIONS = DEBUG;
				SWIFT_OPTIMIZATION_LEVEL = "-Onone";
			};
			name = Debug;
		};
		EBA47904D04544AA86775677 /* Release */ = {
			isa = XCBuildConfiguration;
			buildSettings = {
				ALWAYS_SEARCH_USER_PATHS = NO;
				CLANG_ANALYZER_NONNULL = YES;
				CLANG_ENABLE_MODULES = YES;
				CLANG_ENABLE_OBJC_ARC = YES;
				COPY_PHASE_STRIP = NO;
				DEBUG_INFORMATION_FORMAT = "dwarf-with-dsym";
				ENABLE_NS_ASSERTIONS = NO;
				ENABLE_STRICT_OBJC_MSGSEND = YES;
				GCC_OPTIMIZATION_LEVEL = s;
				IPHONEOS_DEPLOYMENT_TARGET = 16.0;
				MTL_ENABLE_DEBUG_INFO = NO;
				SDKROOT = iphoneos;
				SWIFT_COMPILATION_MODE = wholemodule;
				SWIFT_OPTIMIZATION_LEVEL = "-O";
				VALIDATE_PRODUCT = YES;
			};
			name = Release;
		};
		BF073906E5E142158E2333AD /* Debug */ = {
			isa = XCBuildConfiguration;
			buildSettings = {
				ASSETCATALOG_COMPILER_APPICON_NAME = AppIcon;
				CODE_SIGN_STYLE = Automatic;
				CURRENT_PROJECT_VERSION = 1;
				DEVELOPMENT_TEAM = "";
				GENERATE_INFOPLIST_FILE = NO;
				INFOPLIST_FILE = XinjiangTrip/Info.plist;
				INFOPLIST_KEY_CFBundleDisplayName = "新疆自驾路书";
				LD_RUNPATH_SEARCH_PATHS = (
					"$(inherited)",
					"@executable_path/Frameworks",
				);
				MARKETING_VERSION = 1.0.0;
				PRODUCT_BUNDLE_IDENTIFIER = com.noodles.xinjiangtrip;
				PRODUCT_NAME = "$(TARGET_NAME)";
				SDKROOT = iphoneos;
				SUPPORTED_PLATFORMS = "iphoneos iphonesimulator macosx";
				SUPPORTS_MACCATALYST = YES;
				SUPPORTS_MAC_DESIGNED_FOR_IPHONE_IPAD = YES;
				MACOSX_DEPLOYMENT_TARGET = 13.0;
				SWIFT_EMIT_LOC_STRINGS = YES;
				SWIFT_VERSION = 5.0;
				TARGETED_DEVICE_FAMILY = "1,2,6";
			};
			name = Debug;
		};
		CF3D7EED68D4477EAA3E1917 /* Release */ = {
			isa = XCBuildConfiguration;
			buildSettings = {
				ASSETCATALOG_COMPILER_APPICON_NAME = AppIcon;
				CODE_SIGN_STYLE = Automatic;
				CURRENT_PROJECT_VERSION = 1;
				DEVELOPMENT_TEAM = "";
				GENERATE_INFOPLIST_FILE = NO;
				INFOPLIST_FILE = XinjiangTrip/Info.plist;
				INFOPLIST_KEY_CFBundleDisplayName = "新疆自驾路书";
				LD_RUNPATH_SEARCH_PATHS = (
					"$(inherited)",
					"@executable_path/Frameworks",
				);
				MARKETING_VERSION = 1.0.0;
				PRODUCT_BUNDLE_IDENTIFIER = com.noodles.xinjiangtrip;
				PRODUCT_NAME = "$(TARGET_NAME)";
				SDKROOT = iphoneos;
				SUPPORTED_PLATFORMS = "iphoneos iphonesimulator macosx";
				SUPPORTS_MACCATALYST = YES;
				SUPPORTS_MAC_DESIGNED_FOR_IPHONE_IPAD = YES;
				MACOSX_DEPLOYMENT_TARGET = 13.0;
				SWIFT_EMIT_LOC_STRINGS = YES;
				SWIFT_VERSION = 5.0;
				TARGETED_DEVICE_FAMILY = "1,2,6";
			};
			name = Release;
		};
/* End XCBuildConfiguration section */

/* Begin XCConfigurationList section */
		1EDEA0A1349B43569D3A1589 /* Build configuration list for PBXProject "XinjiangTrip" */;
		1EDEA0A1349B43569D3A1589 = {
			isa = XCConfigurationList;
			buildConfigurations = (
				D2FFC19884254362B680B883 /* Debug */,
				EBA47904D04544AA86775677 /* Release */,
			);
			defaultConfigurationIsVisible = 0;
			defaultConfigurationName = Release;
		};
		C6ECFFADA8C546AA843BDC28 /* Build configuration list for PBXNativeTarget "XinjiangTrip" */;
		C6ECFFADA8C546AA843BDC28 = {
			isa = XCConfigurationList;
			buildConfigurations = (
				BF073906E5E142158E2333AD /* Debug */,
				CF3D7EED68D4477EAA3E1917 /* Release */,
			);
			defaultConfigurationIsVisible = 0;
			defaultConfigurationName = Release;
		};
/* End XCConfigurationList section */

	};
	rootObject = 66C3D5785E4444FBA825DF47 /* Project object */;
}
